// !$*UTF8*$!
{
	archiveVersion = 1;
	classes = {
	};
	objectVersion = 46;
	objects = {

/* Begin PBXBuildFile section */
		20A5F040356A6661E56DF0DD /* UIKit.framework in Frameworks */ = {isa = PBXBuildFile; fileRef = 20A5F7A0517ACD9363D5713C /* UIKit.framework */; };
		20A5F13411E188682F098949 /* Foundation.framework in Frameworks */ = {isa = PBXBuildFile; fileRef = 20A5FEA78873F093EFC4A557 /* Foundation.framework */; };
		20A5F1F71482BB7C5AB35D8B /* Default.png in Resources */ = {isa = PBXBuildFile; fileRef = 20A5F30EF5C7607344917CEF /* Default.png */; };
		20A5F2D18752AF4B4EE0E0DD /* MainStoryboard.storyboard in Resources */ = {isa = PBXBuildFile; fileRef = 20A5F4B6C2A2BCD32279BE29 /* MainStoryboard.storyboard */; };
		20A5F2E0FFAA7990B4CE020E /* Default-568h@2x.png in Resources */ = {isa = PBXBuildFile; fileRef = 20A5FAE18EDB9DF3B75D14F0 /* Default-568h@2x.png */; };
		20A5F30BA8585C7FA80C8259 /* SenTestingKit.framework in Frameworks */ = {isa = PBXBuildFile; fileRef = 20A5F61D4E47E99BE6EA4689 /* SenTestingKit.framework */; };
		20A5F5573DBFF06A110D5D3B /* first@2x.png in Resources */ = {isa = PBXBuildFile; fileRef = 20A5FA9D1DC2FF13E1EFB618 /* first@2x.png */; };
		20A5F6729755A495397E26F7 /* first.png in Resources */ = {isa = PBXBuildFile; fileRef = 20A5FE8745898EF4F2B79AEA /* first.png */; };
		20A5F7074624B8456379292C /* SecondViewController.m in Sources */ = {isa = PBXBuildFile; fileRef = 20A5F424D87186256B18297D /* SecondViewController.m */; };
		20A5F718E57DC9FDD2CDD4C4 /* NSData+SRB64Additions.m in Sources */ = {isa = PBXBuildFile; fileRef = 20A5FCA80B3EFC45A7C4AE30 /* NSData+SRB64Additions.m */; };
		20A5F7430E9E959135409A55 /* second.png in Resources */ = {isa = PBXBuildFile; fileRef = 20A5F10CBFD3957311AEA1C2 /* second.png */; };
		20A5F75058C9B3508919F569 /* SRWebSocket.m in Sources */ = {isa = PBXBuildFile; fileRef = 20A5F43A0384317B8DB4BD2B /* SRWebSocket.m */; };
		20A5F8EDCA6838A5CFF8BF43 /* FirstViewController.m in Sources */ = {isa = PBXBuildFile; fileRef = 20A5FAFBD5EE8A57A4CB024A /* FirstViewController.m */; };
		20A5F92F34EFE5D3F4B0FD5B /* Default@2x.png in Resources */ = {isa = PBXBuildFile; fileRef = 20A5F8EB55DA190B5BFCE18F /* Default@2x.png */; };
		20A5F93726547F74C303BD39 /* InfoPlist.strings in Resources */ = {isa = PBXBuildFile; fileRef = 20A5F699C66F28659523C84E /* InfoPlist.strings */; };
		20A5F937838EDD2F0ECE7C57 /* CoreGraphics.framework in Frameworks */ = {isa = PBXBuildFile; fileRef = 20A5F6DC1806AFF2C23EF0A3 /* CoreGraphics.framework */; };
		20A5F9F1AF8A6EED12A11BD1 /* PomeloClient_WebSocketTests.m in Sources */ = {isa = PBXBuildFile; fileRef = 20A5F02E76CC57403E9D9C21 /* PomeloClient_WebSocketTests.m */; };
		20A5FA16DC09B71EF892A079 /* Foundation.framework in Frameworks */ = {isa = PBXBuildFile; fileRef = 20A5FEA78873F093EFC4A557 /* Foundation.framework */; };
		20A5FB0F3D89FF283E202743 /* second@2x.png in Resources */ = {isa = PBXBuildFile; fileRef = 20A5F8BFAAB8289CBD2C858B /* second@2x.png */; };
		20A5FC87783092FAA3FC5EBD /* PWSProtocol.m in Sources */ = {isa = PBXBuildFile; fileRef = 20A5F39CA397D9292D3E2479 /* PWSProtocol.m */; };
		20A5FD487B0AE2E05DF45783 /* InfoPlist.strings in Resources */ = {isa = PBXBuildFile; fileRef = 20A5F59D10740E338164F6D8 /* InfoPlist.strings */; };
		20A5FD68DD46ECA760A28C60 /* base64.c in Sources */ = {isa = PBXBuildFile; fileRef = 20A5F6ADF0DF01D4A9DF9095 /* base64.c */; };
		20A5FD696026C9492EF9146A /* PomeloWS.m in Sources */ = {isa = PBXBuildFile; fileRef = 20A5FB860A593E32CC34BA31 /* PomeloWS.m */; };
		20A5FDA4FDF8C586E62029E1 /* main.m in Sources */ = {isa = PBXBuildFile; fileRef = 20A5F92B25428746117E5827 /* main.m */; };
		20A5FEDE4FFBCCD69FF3331B /* UIKit.framework in Frameworks */ = {isa = PBXBuildFile; fileRef = 20A5F7A0517ACD9363D5713C /* UIKit.framework */; };
		20A5FFE636D570CB029D809F /* AppDelegate.m in Sources */ = {isa = PBXBuildFile; fileRef = 20A5F24EA8E8DAF7DE133DAF /* AppDelegate.m */; };
		CC0AABB9172070FE0023253F /* libicucore.dylib in Frameworks */ = {isa = PBXBuildFile; fileRef = CC0AABB8172070FE0023253F /* libicucore.dylib */; };
		CC0AABBB172071040023253F /* CFNetwork.framework in Frameworks */ = {isa = PBXBuildFile; fileRef = CC0AABBA172071040023253F /* CFNetwork.framework */; };
		CC0AABBD172071090023253F /* Security.framework in Frameworks */ = {isa = PBXBuildFile; fileRef = CC0AABBC172071090023253F /* Security.framework */; };
/* End PBXBuildFile section */

/* Begin PBXContainerItemProxy section */
		20A5FF71215726359A7E3219 /* PBXContainerItemProxy */ = {
			isa = PBXContainerItemProxy;
			containerPortal = 20A5FAEB53F1EEA1BA737C6D /* Project object */;
			proxyType = 1;
			remoteGlobalIDString = 20A5FE94C3DF6FDB57C090C7;
			remoteInfo = "PomeloClient-WebSocket";
		};
/* End PBXContainerItemProxy section */

/* Begin PBXFileReference section */
		20A5F02E76CC57403E9D9C21 /* PomeloClient_WebSocketTests.m */ = {isa = PBXFileReference; lastKnownFileType = sourcecode.c.objc; path = PomeloClient_WebSocketTests.m; sourceTree = "<group>"; };
		20A5F10CBFD3957311AEA1C2 /* second.png */ = {isa = PBXFileReference; lastKnownFileType = image.png; path = second.png; sourceTree = "<group>"; };
		20A5F17C8DD62FDEA7E8D972 /* en */ = {isa = PBXFileReference; lastKnownFileType = text.plist.strings; name = en; path = en.lproj/InfoPlist.strings; sourceTree = "<group>"; };
		20A5F23220A10C73AA919FEB /* en */ = {isa = PBXFileReference; lastKnownFileType = text.plist.strings; name = en; path = en.lproj/InfoPlist.strings; sourceTree = "<group>"; };
		20A5F24EA8E8DAF7DE133DAF /* AppDelegate.m */ = {isa = PBXFileReference; lastKnownFileType = sourcecode.c.objc; path = AppDelegate.m; sourceTree = "<group>"; };
		20A5F30EF5C7607344917CEF /* Default.png */ = {isa = PBXFileReference; lastKnownFileType = image.png; path = Default.png; sourceTree = "<group>"; };
		20A5F34246F8D6C9C46DA794 /* SecondViewController.h */ = {isa = PBXFileReference; lastKnownFileType = sourcecode.c.h; path = SecondViewController.h; sourceTree = "<group>"; };
		20A5F39CA397D9292D3E2479 /* PWSProtocol.m */ = {isa = PBXFileReference; fileEncoding = 4; lastKnownFileType = sourcecode.c.objc; path = PWSProtocol.m; sourceTree = "<group>"; };
		20A5F424D87186256B18297D /* SecondViewController.m */ = {isa = PBXFileReference; lastKnownFileType = sourcecode.c.objc; path = SecondViewController.m; sourceTree = "<group>"; };
		20A5F43A0384317B8DB4BD2B /* SRWebSocket.m */ = {isa = PBXFileReference; fileEncoding = 4; lastKnownFileType = sourcecode.c.objc; path = SRWebSocket.m; sourceTree = "<group>"; };
		20A5F4C54A2AA55A020B713C /* PomeloClient-WebSocketTests.octest */ = {isa = PBXFileReference; explicitFileType = wrapper.cfbundle; includeInIndex = 0; path = "PomeloClient-WebSocketTests.octest"; sourceTree = BUILT_PRODUCTS_DIR; };
		20A5F5587DB09B74334482FC /* en */ = {isa = PBXFileReference; lastKnownFileType = file.storyboard; name = en; path = en.lproj/MainStoryboard.storyboard; sourceTree = "<group>"; };
		20A5F60DE5867E91B25FEA9D /* PWSProtocol.h */ = {isa = PBXFileReference; fileEncoding = 4; lastKnownFileType = sourcecode.c.h; path = PWSProtocol.h; sourceTree = "<group>"; };
		20A5F61D4E47E99BE6EA4689 /* SenTestingKit.framework */ = {isa = PBXFileReference; lastKnownFileType = wrapper.framework; name = SenTestingKit.framework; path = Library/Frameworks/SenTestingKit.framework; sourceTree = DEVELOPER_DIR; };
		20A5F6ADF0DF01D4A9DF9095 /* base64.c */ = {isa = PBXFileReference; fileEncoding = 4; lastKnownFileType = sourcecode.c.c; path = base64.c; sourceTree = "<group>"; };
		20A5F6D3304D9DCA3628B1F6 /* PomeloClient-WebSocket-Info.plist */ = {isa = PBXFileReference; lastKnownFileType = text.plist.info; path = "PomeloClient-WebSocket-Info.plist"; sourceTree = "<group>"; };
		20A5F6DC1806AFF2C23EF0A3 /* CoreGraphics.framework */ = {isa = PBXFileReference; lastKnownFileType = wrapper.framework; name = CoreGraphics.framework; path = System/Library/Frameworks/CoreGraphics.framework; sourceTree = SDKROOT; };
		20A5F7A0517ACD9363D5713C /* UIKit.framework */ = {isa = PBXFileReference; lastKnownFileType = wrapper.framework; name = UIKit.framework; path = System/Library/Frameworks/UIKit.framework; sourceTree = SDKROOT; };
		20A5F836DA0DD11EE1E48A4B /* base64.h */ = {isa = PBXFileReference; fileEncoding = 4; lastKnownFileType = sourcecode.c.h; path = base64.h; sourceTree = "<group>"; };
		20A5F86ADC00C0E5764962A5 /* PomeloWS.h */ = {isa = PBXFileReference; fileEncoding = 4; lastKnownFileType = sourcecode.c.h; path = PomeloWS.h; sourceTree = "<group>"; };
		20A5F88037FDE0E65A21408F /* PomeloWSErrors.h */ = {isa = PBXFileReference; fileEncoding = 4; lastKnownFileType = sourcecode.c.h; path = PomeloWSErrors.h; sourceTree = "<group>"; };
		20A5F8BFAAB8289CBD2C858B /* second@2x.png */ = {isa = PBXFileReference; lastKnownFileType = image.png; path = "second@2x.png"; sourceTree = "<group>"; };
		20A5F8EB55DA190B5BFCE18F /* Default@2x.png */ = {isa = PBXFileReference; lastKnownFileType = image.png; path = "Default@2x.png"; sourceTree = "<group>"; };
		20A5F8EE3A19C8F014DD2FAC /* PomeloClient-WebSocket-Prefix.pch */ = {isa = PBXFileReference; lastKnownFileType = sourcecode.c.h; path = "PomeloClient-WebSocket-Prefix.pch"; sourceTree = "<group>"; };
		20A5F92B25428746117E5827 /* main.m */ = {isa = PBXFileReference; lastKnownFileType = sourcecode.c.objc; path = main.m; sourceTree = "<group>"; };
		20A5FA72E2DC229D0F8545E5 /* AppDelegate.h */ = {isa = PBXFileReference; lastKnownFileType = sourcecode.c.h; path = AppDelegate.h; sourceTree = "<group>"; };
		20A5FA9D1DC2FF13E1EFB618 /* first@2x.png */ = {isa = PBXFileReference; lastKnownFileType = image.png; path = "first@2x.png"; sourceTree = "<group>"; };
		20A5FAE18EDB9DF3B75D14F0 /* Default-568h@2x.png */ = {isa = PBXFileReference; lastKnownFileType = image.png; path = "Default-568h@2x.png"; sourceTree = "<group>"; };
		20A5FAFBD5EE8A57A4CB024A /* FirstViewController.m */ = {isa = PBXFileReference; lastKnownFileType = sourcecode.c.objc; path = FirstViewController.m; sourceTree = "<group>"; };
		20A5FB44C93AAE80EE5B9E7B /* SRWebSocket.h */ = {isa = PBXFileReference; fileEncoding = 4; lastKnownFileType = sourcecode.c.h; path = SRWebSocket.h; sourceTree = "<group>"; };
		20A5FB6873DCEE483247D1E6 /* PomeloClient-WebSocket.app */ = {isa = PBXFileReference; explicitFileType = wrapper.application; includeInIndex = 0; path = "PomeloClient-WebSocket.app"; sourceTree = BUILT_PRODUCTS_DIR; };
		20A5FB860A593E32CC34BA31 /* PomeloWS.m */ = {isa = PBXFileReference; fileEncoding = 4; lastKnownFileType = sourcecode.c.objc; path = PomeloWS.m; sourceTree = "<group>"; };
		20A5FC31C0FDCCAF106C6ED5 /* SocketRocket-Prefix.pch */ = {isa = PBXFileReference; fileEncoding = 4; lastKnownFileType = sourcecode.c.h; path = "SocketRocket-Prefix.pch"; sourceTree = "<group>"; };
		20A5FC87C75BF2DBD431A75F /* PomeloClient_WebSocketTests.h */ = {isa = PBXFileReference; lastKnownFileType = sourcecode.c.h; path = PomeloClient_WebSocketTests.h; sourceTree = "<group>"; };
		20A5FCA80B3EFC45A7C4AE30 /* NSData+SRB64Additions.m */ = {isa = PBXFileReference; fileEncoding = 4; lastKnownFileType = sourcecode.c.objc; path = "NSData+SRB64Additions.m"; sourceTree = "<group>"; };
		20A5FE8745898EF4F2B79AEA /* first.png */ = {isa = PBXFileReference; lastKnownFileType = image.png; path = first.png; sourceTree = "<group>"; };
		20A5FEA78873F093EFC4A557 /* Foundation.framework */ = {isa = PBXFileReference; lastKnownFileType = wrapper.framework; name = Foundation.framework; path = System/Library/Frameworks/Foundation.framework; sourceTree = SDKROOT; };
		20A5FEBF21B3D06C3EE75762 /* PomeloClient-WebSocketTests-Info.plist */ = {isa = PBXFileReference; lastKnownFileType = text.plist.info; path = "PomeloClient-WebSocketTests-Info.plist"; sourceTree = "<group>"; };
		20A5FEF923B5899C48ABD681 /* FirstViewController.h */ = {isa = PBXFileReference; lastKnownFileType = sourcecode.c.h; path = FirstViewController.h; sourceTree = "<group>"; };
		20A5FF109C331200B0077413 /* NSData+SRB64Additions.h */ = {isa = PBXFileReference; fileEncoding = 4; lastKnownFileType = sourcecode.c.h; path = "NSData+SRB64Additions.h"; sourceTree = "<group>"; };
		CC0AABB8172070FE0023253F /* libicucore.dylib */ = {isa = PBXFileReference; lastKnownFileType = "compiled.mach-o.dylib"; name = libicucore.dylib; path = usr/lib/libicucore.dylib; sourceTree = SDKROOT; };
		CC0AABBA172071040023253F /* CFNetwork.framework */ = {isa = PBXFileReference; lastKnownFileType = wrapper.framework; name = CFNetwork.framework; path = System/Library/Frameworks/CFNetwork.framework; sourceTree = SDKROOT; };
		CC0AABBC172071090023253F /* Security.framework */ = {isa = PBXFileReference; lastKnownFileType = wrapper.framework; name = Security.framework; path = System/Library/Frameworks/Security.framework; sourceTree = SDKROOT; };
/* End PBXFileReference section */

/* Begin PBXFrameworksBuildPhase section */
		20A5F1945B3AB7873D69C4B5 /* Frameworks */ = {
			isa = PBXFrameworksBuildPhase;
			buildActionMask = 2147483647;
			files = (
				20A5F13411E188682F098949 /* Foundation.framework in Frameworks */,
				CC0AABBD172071090023253F /* Security.framework in Frameworks */,
				CC0AABBB172071040023253F /* CFNetwork.framework in Frameworks */,
				CC0AABB9172070FE0023253F /* libicucore.dylib in Frameworks */,
				20A5FEDE4FFBCCD69FF3331B /* UIKit.framework in Frameworks */,
				20A5F937838EDD2F0ECE7C57 /* CoreGraphics.framework in Frameworks */,
			);
			runOnlyForDeploymentPostprocessing = 0;
		};
		20A5FBF1B5F0F03746D497D9 /* Frameworks */ = {
			isa = PBXFrameworksBuildPhase;
			buildActionMask = 2147483647;
			files = (
				20A5F30BA8585C7FA80C8259 /* SenTestingKit.framework in Frameworks */,
				20A5F040356A6661E56DF0DD /* UIKit.framework in Frameworks */,
				20A5FA16DC09B71EF892A079 /* Foundation.framework in Frameworks */,
			);
			runOnlyForDeploymentPostprocessing = 0;
		};
/* End PBXFrameworksBuildPhase section */

/* Begin PBXGroup section */
		20A5F0E93EBE3A5523C3B142 /* PomeloClient-WebSocketTests */ = {
			isa = PBXGroup;
			children = (
				20A5FF59596A70FB7F81DDC7 /* Supporting Files */,
				20A5FC87C75BF2DBD431A75F /* PomeloClient_WebSocketTests.h */,
				20A5F02E76CC57403E9D9C21 /* PomeloClient_WebSocketTests.m */,
			);
			path = "PomeloClient-WebSocketTests";
			sourceTree = "<group>";
		};
		20A5F3ACCFA9E43B41235830 /* PomeloClient-WebSocket */ = {
			isa = PBXGroup;
			children = (
				20A5F48847AB381B82A3A46D /* Supporting Files */,
				20A5FA72E2DC229D0F8545E5 /* AppDelegate.h */,
				20A5F24EA8E8DAF7DE133DAF /* AppDelegate.m */,
				20A5F4B6C2A2BCD32279BE29 /* MainStoryboard.storyboard */,
				20A5FEF923B5899C48ABD681 /* FirstViewController.h */,
				20A5FAFBD5EE8A57A4CB024A /* FirstViewController.m */,
				20A5FE8745898EF4F2B79AEA /* first.png */,
				20A5FA9D1DC2FF13E1EFB618 /* first@2x.png */,
				20A5F34246F8D6C9C46DA794 /* SecondViewController.h */,
				20A5F424D87186256B18297D /* SecondViewController.m */,
				20A5F10CBFD3957311AEA1C2 /* second.png */,
				20A5F8BFAAB8289CBD2C858B /* second@2x.png */,
			);
			path = "PomeloClient-WebSocket";
			sourceTree = "<group>";
		};
		20A5F48847AB381B82A3A46D /* Supporting Files */ = {
			isa = PBXGroup;
			children = (
				20A5F6D3304D9DCA3628B1F6 /* PomeloClient-WebSocket-Info.plist */,
				20A5F59D10740E338164F6D8 /* InfoPlist.strings */,
				20A5F92B25428746117E5827 /* main.m */,
				20A5F8EE3A19C8F014DD2FAC /* PomeloClient-WebSocket-Prefix.pch */,
				20A5F30EF5C7607344917CEF /* Default.png */,
				20A5F8EB55DA190B5BFCE18F /* Default@2x.png */,
				20A5FAE18EDB9DF3B75D14F0 /* Default-568h@2x.png */,
			);
			name = "Supporting Files";
			sourceTree = "<group>";
		};
		20A5F48890362A6F3C2D1253 /* Frameworks */ = {
			isa = PBXGroup;
			children = (
				CC0AABBC172071090023253F /* Security.framework */,
				CC0AABBA172071040023253F /* CFNetwork.framework */,
				CC0AABB8172070FE0023253F /* libicucore.dylib */,
				20A5F7A0517ACD9363D5713C /* UIKit.framework */,
				20A5FEA78873F093EFC4A557 /* Foundation.framework */,
				20A5F6DC1806AFF2C23EF0A3 /* CoreGraphics.framework */,
				20A5F61D4E47E99BE6EA4689 /* SenTestingKit.framework */,
			);
			name = Frameworks;
			sourceTree = "<group>";
		};
		20A5F728320E102F9B5B3220 = {
			isa = PBXGroup;
			children = (
				20A5F814AD32DFDA32363C3D /* Products */,
				20A5F48890362A6F3C2D1253 /* Frameworks */,
				20A5F3ACCFA9E43B41235830 /* PomeloClient-WebSocket */,
				20A5F0E93EBE3A5523C3B142 /* PomeloClient-WebSocketTests */,
				20A5F987C26C0938DA5DD93F /* SocketRocket */,
				20A5F8212435C1BFEC166C3D /* PomeloClientWS */,
			);
			sourceTree = "<group>";
		};
		20A5F814AD32DFDA32363C3D /* Products */ = {
			isa = PBXGroup;
			children = (
				20A5FB6873DCEE483247D1E6 /* PomeloClient-WebSocket.app */,
				20A5F4C54A2AA55A020B713C /* PomeloClient-WebSocketTests.octest */,
			);
			name = Products;
			sourceTree = "<group>";
		};
		20A5F8212435C1BFEC166C3D /* PomeloClientWS */ = {
			isa = PBXGroup;
			children = (
				20A5FB860A593E32CC34BA31 /* PomeloWS.m */,
				20A5F86ADC00C0E5764962A5 /* PomeloWS.h */,
				20A5F88037FDE0E65A21408F /* PomeloWSErrors.h */,
				20A5F39CA397D9292D3E2479 /* PWSProtocol.m */,
				20A5F60DE5867E91B25FEA9D /* PWSProtocol.h */,
			);
			path = PomeloClientWS;
			sourceTree = "<group>";
		};
		20A5F987C26C0938DA5DD93F /* SocketRocket */ = {
			isa = PBXGroup;
			children = (
				20A5F6ADF0DF01D4A9DF9095 /* base64.c */,
				20A5F836DA0DD11EE1E48A4B /* base64.h */,
				20A5FB44C93AAE80EE5B9E7B /* SRWebSocket.h */,
				20A5F43A0384317B8DB4BD2B /* SRWebSocket.m */,
				20A5FF109C331200B0077413 /* NSData+SRB64Additions.h */,
				20A5FCA80B3EFC45A7C4AE30 /* NSData+SRB64Additions.m */,
				20A5FC31C0FDCCAF106C6ED5 /* SocketRocket-Prefix.pch */,
			);
			path = SocketRocket;
			sourceTree = "<group>";
		};
		20A5FF59596A70FB7F81DDC7 /* Supporting Files */ = {
			isa = PBXGroup;
			children = (
				20A5FEBF21B3D06C3EE75762 /* PomeloClient-WebSocketTests-Info.plist */,
				20A5F699C66F28659523C84E /* InfoPlist.strings */,
			);
			name = "Supporting Files";
			sourceTree = "<group>";
		};
/* End PBXGroup section */

/* Begin PBXNativeTarget section */
		20A5F62145D1424B399FADDD /* PomeloClient-WebSocketTests */ = {
			isa = PBXNativeTarget;
			buildConfigurationList = 20A5FE7EA8F22906813BA0EF /* Build configuration list for PBXNativeTarget "PomeloClient-WebSocketTests" */;
			buildPhases = (
				20A5F7CAA92C2BEA555A477A /* Sources */,
				20A5FBF1B5F0F03746D497D9 /* Frameworks */,
				20A5F92556364D9E3F170236 /* Resources */,
				20A5F1E2F59F14C85013C212 /* ShellScript */,
			);
			buildRules = (
			);
			dependencies = (
				20A5F4E3A26FE9F2D5417FA8 /* PBXTargetDependency */,
			);
			name = "PomeloClient-WebSocketTests";
			productName = "PomeloClient-WebSocketTests";
			productReference = 20A5F4C54A2AA55A020B713C /* PomeloClient-WebSocketTests.octest */;
			productType = "com.apple.product-type.bundle";
		};
		20A5FE94C3DF6FDB57C090C7 /* PomeloClient-WebSocket */ = {
			isa = PBXNativeTarget;
			buildConfigurationList = 20A5FE7A12E7F38352C4D529 /* Build configuration list for PBXNativeTarget "PomeloClient-WebSocket" */;
			buildPhases = (
				20A5F77B72A64E1B83FC05E7 /* Sources */,
				20A5F1945B3AB7873D69C4B5 /* Frameworks */,
				20A5FAC031A0BC72A14FC5C9 /* Resources */,
			);
			buildRules = (
			);
			dependencies = (
			);
			name = "PomeloClient-WebSocket";
			productName = "PomeloClient-WebSocket";
			productReference = 20A5FB6873DCEE483247D1E6 /* PomeloClient-WebSocket.app */;
			productType = "com.apple.product-type.application";
		};
/* End PBXNativeTarget section */

/* Begin PBXProject section */
		20A5FAEB53F1EEA1BA737C6D /* Project object */ = {
			isa = PBXProject;
			attributes = {
				ORGANIZATIONNAME = ETiV;
			};
			buildConfigurationList = 20A5F0E03FBF1EE3FE03E2CC /* Build configuration list for PBXProject "PomeloClient-WebSocket" */;
			compatibilityVersion = "Xcode 3.2";
			developmentRegion = English;
			hasScannedForEncodings = 0;
			knownRegions = (
				en,
			);
			mainGroup = 20A5F728320E102F9B5B3220;
			productRefGroup = 20A5F814AD32DFDA32363C3D /* Products */;
			projectDirPath = "";
			projectRoot = "";
			targets = (
				20A5FE94C3DF6FDB57C090C7 /* PomeloClient-WebSocket */,
				20A5F62145D1424B399FADDD /* PomeloClient-WebSocketTests */,
			);
		};
/* End PBXProject section */

/* Begin PBXResourcesBuildPhase section */
		20A5F92556364D9E3F170236 /* Resources */ = {
			isa = PBXResourcesBuildPhase;
			buildActionMask = 2147483647;
			files = (
				20A5F93726547F74C303BD39 /* InfoPlist.strings in Resources */,
			);
			runOnlyForDeploymentPostprocessing = 0;
		};
		20A5FAC031A0BC72A14FC5C9 /* Resources */ = {
			isa = PBXResourcesBuildPhase;
			buildActionMask = 2147483647;
			files = (
				20A5FD487B0AE2E05DF45783 /* InfoPlist.strings in Resources */,
				20A5F1F71482BB7C5AB35D8B /* Default.png in Resources */,
				20A5F92F34EFE5D3F4B0FD5B /* Default@2x.png in Resources */,
				20A5F2E0FFAA7990B4CE020E /* Default-568h@2x.png in Resources */,
				20A5F2D18752AF4B4EE0E0DD /* MainStoryboard.storyboard in Resources */,
				20A5F6729755A495397E26F7 /* first.png in Resources */,
				20A5F5573DBFF06A110D5D3B /* first@2x.png in Resources */,
				20A5F7430E9E959135409A55 /* second.png in Resources */,
				20A5FB0F3D89FF283E202743 /* second@2x.png in Resources */,
			);
			runOnlyForDeploymentPostprocessing = 0;
		};
/* End PBXResourcesBuildPhase section */

/* Begin PBXShellScriptBuildPhase section */
		20A5F1E2F59F14C85013C212 /* ShellScript */ = {
			isa = PBXShellScriptBuildPhase;
			buildActionMask = 2147483647;
			files = (
			);
			inputPaths = (
			);
			outputPaths = (
			);
			runOnlyForDeploymentPostprocessing = 0;
			shellPath = /bin/sh;
			shellScript = "# Run the unit tests in this test bundle.\n\"${SYSTEM_DEVELOPER_DIR}/Tools/RunUnitTests\"\n";
		};
/* End PBXShellScriptBuildPhase section */

/* Begin PBXSourcesBuildPhase section */
		20A5F77B72A64E1B83FC05E7 /* Sources */ = {
			isa = PBXSourcesBuildPhase;
			buildActionMask = 2147483647;
			files = (
				20A5FDA4FDF8C586E62029E1 /* main.m in Sources */,
				20A5FFE636D570CB029D809F /* AppDelegate.m in Sources */,
				20A5F8EDCA6838A5CFF8BF43 /* FirstViewController.m in Sources */,
				20A5F7074624B8456379292C /* SecondViewController.m in Sources */,
				20A5FD68DD46ECA760A28C60 /* base64.c in Sources */,
				20A5F75058C9B3508919F569 /* SRWebSocket.m in Sources */,
				20A5F718E57DC9FDD2CDD4C4 /* NSData+SRB64Additions.m in Sources */,
				20A5FD696026C9492EF9146A /* PomeloWS.m in Sources */,
				20A5FC87783092FAA3FC5EBD /* PWSProtocol.m in Sources */,
			);
			runOnlyForDeploymentPostprocessing = 0;
		};
		20A5F7CAA92C2BEA555A477A /* Sources */ = {
			isa = PBXSourcesBuildPhase;
			buildActionMask = 2147483647;
			files = (
				20A5F9F1AF8A6EED12A11BD1 /* PomeloClient_WebSocketTests.m in Sources */,
			);
			runOnlyForDeploymentPostprocessing = 0;
		};
/* End PBXSourcesBuildPhase section */

/* Begin PBXTargetDependency section */
		20A5F4E3A26FE9F2D5417FA8 /* PBXTargetDependency */ = {
			isa = PBXTargetDependency;
			target = 20A5FE94C3DF6FDB57C090C7 /* PomeloClient-WebSocket */;
			targetProxy = 20A5FF71215726359A7E3219 /* PBXContainerItemProxy */;
		};
/* End PBXTargetDependency section */

/* Begin PBXVariantGroup section */
		20A5F4B6C2A2BCD32279BE29 /* MainStoryboard.storyboard */ = {
			isa = PBXVariantGroup;
			children = (
				20A5F5587DB09B74334482FC /* en */,
			);
			name = MainStoryboard.storyboard;
			sourceTree = "<group>";
		};
		20A5F59D10740E338164F6D8 /* InfoPlist.strings */ = {
			isa = PBXVariantGroup;
			children = (
				20A5F23220A10C73AA919FEB /* en */,
			);
			name = InfoPlist.strings;
			sourceTree = "<group>";
		};
		20A5F699C66F28659523C84E /* InfoPlist.strings */ = {
			isa = PBXVariantGroup;
			children = (
				20A5F17C8DD62FDEA7E8D972 /* en */,
			);
			name = InfoPlist.strings;
			sourceTree = "<group>";
		};
/* End PBXVariantGroup section */

/* Begin XCBuildConfiguration section */
		20A5F07E432C7FC07DCE0075 /* Debug */ = {
			isa = XCBuildConfiguration;
			buildSettings = {
				ALWAYS_SEARCH_USER_PATHS = NO;
				CLANG_CXX_LANGUAGE_STANDARD = "gnu++0x";
				CLANG_CXX_LIBRARY = "libc++";
				CLANG_ENABLE_OBJC_ARC = YES;
				CLANG_WARN_CONSTANT_CONVERSION = YES;
				CLANG_WARN_EMPTY_BODY = YES;
				CLANG_WARN_ENUM_CONVERSION = YES;
				CLANG_WARN_INT_CONVERSION = YES;
				CLANG_WARN__DUPLICATE_METHOD_MATCH = YES;
				"CODE_SIGN_IDENTITY[sdk=iphoneos*]" = "iPhone Developer";
				COPY_PHASE_STRIP = NO;
				GCC_C_LANGUAGE_STANDARD = gnu99;
				GCC_DYNAMIC_NO_PIC = NO;
				GCC_OPTIMIZATION_LEVEL = 0;
				GCC_PREPROCESSOR_DEFINITIONS = (
					"DEBUG=1",
					"$(inherited)",
				);
				GCC_SYMBOLS_PRIVATE_EXTERN = NO;
				GCC_WARN_ABOUT_RETURN_TYPE = YES;
				GCC_WARN_UNINITIALIZED_AUTOS = YES;
				GCC_WARN_UNUSED_VARIABLE = YES;
				IPHONEOS_DEPLOYMENT_TARGET = 5.0;
				ONLY_ACTIVE_ARCH = YES;
				SDKROOT = iphoneos;
			};
			name = Debug;
		};
		20A5F0B9547A305AAE6483EE /* Release */ = {
			isa = XCBuildConfiguration;
			buildSettings = {
				GCC_PRECOMPILE_PREFIX_HEADER = YES;
				GCC_PREFIX_HEADER = "PomeloClient-WebSocket/PomeloClient-WebSocket-Prefix.pch";
				INFOPLIST_FILE = "PomeloClient-WebSocket/PomeloClient-WebSocket-Info.plist";
				IPHONEOS_DEPLOYMENT_TARGET = 5.0;
				PRODUCT_NAME = "$(TARGET_NAME)";
				WRAPPER_EXTENSION = app;
			};
			name = Release;
		};
		20A5F5CD80A19D36ECA6756E /* Debug */ = {
			isa = XCBuildConfiguration;
			buildSettings = {
				BUNDLE_LOADER = "$(BUILT_PRODUCTS_DIR)/PomeloClient-WebSocket.app/PomeloClient-WebSocket";
				FRAMEWORK_SEARCH_PATHS = (
					"\"$(SDKROOT)/Developer/Library/Frameworks\"",
					"\"$(DEVELOPER_LIBRARY_DIR)/Frameworks\"",
				);
				GCC_PRECOMPILE_PREFIX_HEADER = YES;
				GCC_PREFIX_HEADER = "PomeloClient-WebSocket/PomeloClient-WebSocket-Prefix.pch";
				INFOPLIST_FILE = "PomeloClient-WebSocketTests/PomeloClient-WebSocketTests-Info.plist";
				PRODUCT_NAME = "$(TARGET_NAME)";
				TEST_HOST = "$(BUNDLE_LOADER)";
				WRAPPER_EXTENSION = octest;
			};
			name = Debug;
		};
		20A5F6977969982DC35BB7E6 /* Debug */ = {
			isa = XCBuildConfiguration;
			buildSettings = {
				GCC_PRECOMPILE_PREFIX_HEADER = YES;
				GCC_PREFIX_HEADER = "PomeloClient-WebSocket/PomeloClient-WebSocket-Prefix.pch";
				INFOPLIST_FILE = "PomeloClient-WebSocket/PomeloClient-WebSocket-Info.plist";
				IPHONEOS_DEPLOYMENT_TARGET = 5.0;
				PRODUCT_NAME = "$(TARGET_NAME)";
				WRAPPER_EXTENSION = app;
			};
			name = Debug;
		};
		20A5F6CD1CB150E68543F810 /* Release */ = {
			isa = XCBuildConfiguration;
			buildSettings = {
				ALWAYS_SEARCH_USER_PATHS = NO;
				CLANG_CXX_LANGUAGE_STANDARD = "gnu++0x";
				CLANG_CXX_LIBRARY = "libc++";
				CLANG_ENABLE_OBJC_ARC = YES;
				CLANG_WARN_CONSTANT_CONVERSION = YES;
				CLANG_WARN_EMPTY_BODY = YES;
				CLANG_WARN_ENUM_CONVERSION = YES;
				CLANG_WARN_INT_CONVERSION = YES;
				CLANG_WARN__DUPLICATE_METHOD_MATCH = YES;
				"CODE_SIGN_IDENTITY[sdk=iphoneos*]" = "iPhone Developer";
				COPY_PHASE_STRIP = YES;
				GCC_C_LANGUAGE_STANDARD = gnu99;
				GCC_WARN_ABOUT_RETURN_TYPE = YES;
				GCC_WARN_UNINITIALIZED_AUTOS = YES;
				GCC_WARN_UNUSED_VARIABLE = YES;
				IPHONEOS_DEPLOYMENT_TARGET = 5.0;
				OTHER_CFLAGS = "-DNS_BLOCK_ASSERTIONS=1";
				SDKROOT = iphoneos;
				VALIDATE_PRODUCT = YES;
			};
			name = Release;
		};
		20A5FB9EF8FB05D7A90AAD15 /* Release */ = {
			isa = XCBuildConfiguration;
			buildSettings = {
				BUNDLE_LOADER = "$(BUILT_PRODUCTS_DIR)/PomeloClient-WebSocket.app/PomeloClient-WebSocket";
				FRAMEWORK_SEARCH_PATHS = (
					"\"$(SDKROOT)/Developer/Library/Frameworks\"",
					"\"$(DEVELOPER_LIBRARY_DIR)/Frameworks\"",
				);
				GCC_PRECOMPILE_PREFIX_HEADER = YES;
				GCC_PREFIX_HEADER = "PomeloClient-WebSocket/PomeloClient-WebSocket-Prefix.pch";
				INFOPLIST_FILE = "PomeloClient-WebSocketTests/PomeloClient-WebSocketTests-Info.plist";
				PRODUCT_NAME = "$(TARGET_NAME)";
				TEST_HOST = "$(BUNDLE_LOADER)";
				WRAPPER_EXTENSION = octest;
			};
			name = Release;
		};
/* End XCBuildConfiguration section */

/* Begin XCConfigurationList section */
		20A5F0E03FBF1EE3FE03E2CC /* Build configuration list for PBXProject "PomeloClient-WebSocket" */ = {
			isa = XCConfigurationList;
			buildConfigurations = (
				20A5F6CD1CB150E68543F810 /* Release */,
				20A5F07E432C7FC07DCE0075 /* Debug */,
			);
			defaultConfigurationIsVisible = 0;
			defaultConfigurationName = Release;
		};
		20A5FE7A12E7F38352C4D529 /* Build configuration list for PBXNativeTarget "PomeloClient-WebSocket" */ = {
			isa = XCConfigurationList;
			buildConfigurations = (
				20A5F0B9547A305AAE6483EE /* Release */,
				20A5F6977969982DC35BB7E6 /* Debug */,
			);
			defaultConfigurationIsVisible = 0;
			defaultConfigurationName = Release;
		};
		20A5FE7EA8F22906813BA0EF /* Build configuration list for PBXNativeTarget "PomeloClient-WebSocketTests" */ = {
			isa = XCConfigurationList;
			buildConfigurations = (
				20A5FB9EF8FB05D7A90AAD15 /* Release */,
				20A5F5CD80A19D36ECA6756E /* Debug */,
			);
			defaultConfigurationIsVisible = 0;
			defaultConfigurationName = Release;
		};
/* End XCConfigurationList section */
	};
	rootObject = 20A5FAEB53F1EEA1BA737C6D /* Project object */;
}
